
Microsoft Visual Studio Solution File, Format Version 12.00
# Visual Studio 14
VisualStudioVersion = 14.0.25123.0
MinimumVisualStudioVersion = 10.0.40219.1
Project("{FAE04EC0-301F-11D3-BF4B-00C04F79EFBC}") = "DnDPerso", "DnDPerso\DnDPerso.csproj", "{F6F07F41-301B-46ED-BB58-0A6212A3A54D}"
EndProject
Global
	GlobalSection(SolutionConfigurationPlatforms) = preSolution
		Debug|Any CPU = Debug|Any CPU
		Release|Any CPU = Release|Any CPU
	EndGlobalSection
	GlobalSection(ProjectConfigurationPlatforms) = postSolution
		{F6F07F41-301B-46ED-BB58-0A6212A3A54D}.Debug|Any CPU.ActiveCfg = Debug|Any CPU
		{F6F07F41-301B-46ED-BB58-0A6212A3A54D}.Debug|Any CPU.Build.0 = Debug|Any CPU
		{F6F07F41-301B-46ED-BB58-0A6212A3A54D}.Release|Any CPU.ActiveCfg = Release|Any CPU
		{F6F07F41-301B-46ED-BB58-0A6212A3A54D}.Release|Any CPU.Build.0 = Release|Any CPU
	EndGlobalSection
	GlobalSection(SolutionProperties) = preSolution
		HideSolutionNode = FALSE
	EndGlobalSection
EndGlobal
